<?xml version="1.0" encoding="utf-8"?>
<Project ToolsVersion="4.0" xmlns="http://schemas.microsoft.com/developer/msbuild/2003">
  <ItemGroup>
    <Filter Include="Source Files">
      <UniqueIdentifier>{4FC737F1-C7A5-4376-A066-2A32D752A2FF}</UniqueIdentifier>
      <Extensions>cpp;c;cc;cxx;c++;cppm;ixx;def;odl;idl;hpj;bat;asm;asmx</Extensions>
    </Filter>
    <Filter Include="Header Files">
      <UniqueIdentifier>{93995380-89BD-4b04-88EB-625FBE52EBFB}</UniqueIdentifier>
      <Extensions>h;hh;hpp;hxx;h++;hm;inl;inc;ipp;xsd</Extensions>
    </Filter>
    <Filter Include="Resource Files">
      <UniqueIdentifier>{67DA6AB6-F800-4c08-8B7A-83BB121AAD01}</UniqueIdentifier>
      <Extensions>rc;ico;cur;bmp;dlg;rc2;rct;bin;rgs;gif;jpg;jpeg;jpe;resx;tiff;tif;png;wav;mfcribbon-ms</Extensions>
    </Filter>
  </ItemGroup>
  <ItemGroup>
    <ClCompile Include="src\Main.cpp">
      <Filter>Source Files</Filter>
    </ClCompile>
    <ClCompile Include="src\pch.cpp">
      <Filter>Source Files</Filter>
    </ClCompile>
    <ClCompile Include="src\engine\App.cpp">
      <Filter>Source Files</Filter>
    </ClCompile>
    <ClCompile Include="src\engine\GameObject.cpp">
      <Filter>Source Files</Filter>
    </ClCompile>
    <ClCompile Include="src\engine\system\Device.cpp">
      <Filter>Source Files</Filter>
    </ClCompile>
    <ClCompile Include="src\engine\system\Window.cpp">
      <Filter>Source Files</Filter>
    </ClCompile>
    <ClCompile Include="src\engine\graphics\Pipeline.cpp">
      <Filter>Source Files</Filter>
    </ClCompile>
    <ClCompile Include="src\engine\graphics\SwapChain.cpp">
      <Filter>Source Files</Filter>
    </ClCompile>
    <ClCompile Include="src\engine\graphics\Renderer.cpp">
      <Filter>Source Files</Filter>
    </ClCompile>
    <ClCompile Include="src\engine\Camera.cpp">
      <Filter>Source Files</Filter>
    </ClCompile>
    <ClCompile Include="src\engine\system\FrameTimer.cpp">
      <Filter>Source Files</Filter>
    </ClCompile>
    <ClCompile Include="src\engine\KeyboardMovementController.cpp">
      <Filter>Source Files</Filter>
    </ClCompile>
    <ClCompile Include="external\tinyobjloader\tiny_obj_loader.cc">
      <Filter>Source Files</Filter>
    </ClCompile>
    <ClCompile Include="src\engine\graphics\Buffer.cpp">
      <Filter>Source Files</Filter>
    </ClCompile>
    <ClCompile Include="src\engine\graphics\FrameInfo.cpp">
      <Filter>Source Files</Filter>
    </ClCompile>
    <ClCompile Include="src\engine\graphics\Descriptors.cpp">
      <Filter>Source Files</Filter>
    </ClCompile>
    <ClCompile Include="src\engine\GuiManager.cpp">
      <Filter>Source Files</Filter>
    </ClCompile>
    <ClCompile Include="external\imgui\imgui.cpp">
      <Filter>Source Files</Filter>
    </ClCompile>
    <ClCompile Include="external\imgui\imgui_demo.cpp">
      <Filter>Source Files</Filter>
    </ClCompile>
    <ClCompile Include="external\imgui\imgui_draw.cpp">
      <Filter>Source Files</Filter>
    </ClCompile>
    <ClCompile Include="external\imgui\imgui_tables.cpp">
      <Filter>Source Files</Filter>
    </ClCompile>
    <ClCompile Include="external\imgui\imgui_widgets.cpp">
      <Filter>Source Files</Filter>
    </ClCompile>
    <ClCompile Include="external\imgui\backends\imgui_impl_glfw.cpp">
      <Filter>Source Files</Filter>
    </ClCompile>
    <ClCompile Include="external\imgui\backends\imgui_impl_vulkan.cpp">
      <Filter>Source Files</Filter>
    </ClCompile>
    <ClCompile Include="external\imgui\backends\imgui_impl_win32.cpp">
      <Filter>Source Files</Filter>
    </ClCompile>
    <ClCompile Include="src\engine\system\Input.cpp">
      <Filter>Source Files</Filter>
    </ClCompile>
    <ClCompile Include="external\imguizmo\GraphEditor.cpp">
      <Filter>Source Files</Filter>
    </ClCompile>
    <ClCompile Include="external\imguizmo\ImCurveEdit.cpp">
      <Filter>Source Files</Filter>
    </ClCompile>
    <ClCompile Include="external\imguizmo\ImGradient.cpp">
      <Filter>Source Files</Filter>
    </ClCompile>
    <ClCompile Include="external\imguizmo\ImGuizmo.cpp">
      <Filter>Source Files</Filter>
    </ClCompile>
    <ClCompile Include="external\imguizmo\ImSequencer.cpp">
      <Filter>Source Files</Filter>
    </ClCompile>
    <ClCompile Include="src\engine\graphics\textures\TextureManager.cpp">
      <Filter>Source Files</Filter>
    </ClCompile>
    <ClCompile Include="src\engine\graphics\textures\Texture.cpp">
      <Filter>Source Files</Filter>
    </ClCompile>
    <ClCompile Include="src\engine\graphics\models\Model.cpp">
      <Filter>Source Files</Filter>
    </ClCompile>
    <ClCompile Include="src\engine\graphics\models\Primatives.cpp">
      <Filter>Source Files</Filter>
    </ClCompile>
    <ClCompile Include="src\engine\graphics\textures\Sampler.cpp">
      <Filter>Source Files</Filter>
    </ClCompile>
    <ClCompile Include="src\engine\graphics\render systems\SimpleRenderSystem.cpp">
      <Filter>Source Files</Filter>
    </ClCompile>
    <ClCompile Include="src\engine\graphics\render systems\BaseRenderSystem.cpp">
      <Filter>Source Files</Filter>
    </ClCompile>
    <ClCompile Include="src\engine\graphics\render systems\debug\GizmoManager.cpp">
      <Filter>Source Files</Filter>
    </ClCompile>
    <ClCompile Include="src\engine\graphics\render systems\debug\StaticLineRenderSystem.cpp">
      <Filter>Source Files</Filter>
    </ClCompile>
    <ClCompile Include="external\implot\implot.cpp">
      <Filter>Source Files</Filter>
    </ClCompile>
    <ClCompile Include="external\implot\implot_demo.cpp">
      <Filter>Source Files</Filter>
    </ClCompile>
    <ClCompile Include="external\implot\implot_items.cpp">
      <Filter>Source Files</Filter>
    </ClCompile>
    <ClCompile Include="src\engine\maths\Random.cpp">
      <Filter>Source Files</Filter>
    </ClCompile>
    <ClCompile Include="src\engine\graphics\render systems\debug\DynamicLineRenderSystem.cpp">
      <Filter>Source Files</Filter>
    </ClCompile>
  </ItemGroup>
  <ItemGroup>
    <ClInclude Include="src\pch.h">
      <Filter>Header Files</Filter>
    </ClInclude>
    <ClInclude Include="src\utils\Utils.h">
      <Filter>Header Files</Filter>
    </ClInclude>
    <ClInclude Include="src\engine\App.h">
      <Filter>Header Files</Filter>
    </ClInclude>
    <ClInclude Include="src\engine\GameObject.h">
      <Filter>Header Files</Filter>
    </ClInclude>
    <ClInclude Include="src\engine\system\Device.h">
      <Filter>Header Files</Filter>
    </ClInclude>
    <ClInclude Include="src\engine\system\Window.h">
      <Filter>Header Files</Filter>
    </ClInclude>
    <ClInclude Include="src\engine\graphics\Pipeline.h">
      <Filter>Header Files</Filter>
    </ClInclude>
    <ClInclude Include="src\engine\graphics\SwapChain.h">
      <Filter>Header Files</Filter>
    </ClInclude>
    <ClInclude Include="src\engine\graphics\Renderer.h">
      <Filter>Header Files</Filter>
    </ClInclude>
    <ClInclude Include="src\engine\Camera.h">
      <Filter>Header Files</Filter>
    </ClInclude>
    <ClInclude Include="src\engine\system\FrameTimer.h">
      <Filter>Header Files</Filter>
    </ClInclude>
    <ClInclude Include="src\engine\KeyboardMovementController.h">
      <Filter>Header Files</Filter>
    </ClInclude>
    <ClInclude Include="external\tinyobjloader\tiny_obj_loader.h">
      <Filter>Header Files</Filter>
    </ClInclude>
    <ClInclude Include="src\engine\graphics\Buffer.h">
      <Filter>Header Files</Filter>
    </ClInclude>
    <ClInclude Include="src\engine\graphics\FrameInfo.h">
      <Filter>Header Files</Filter>
    </ClInclude>
    <ClInclude Include="src\engine\graphics\Descriptors.h">
      <Filter>Header Files</Filter>
    </ClInclude>
    <ClInclude Include="src\engine\GuiManager.h">
      <Filter>Header Files</Filter>
    </ClInclude>
    <ClInclude Include="external\imgui\imconfig.h">
      <Filter>Header Files</Filter>
    </ClInclude>
    <ClInclude Include="external\imgui\imgui.h">
      <Filter>Header Files</Filter>
    </ClInclude>
    <ClInclude Include="external\imgui\imgui_internal.h">
      <Filter>Header Files</Filter>
    </ClInclude>
    <ClInclude Include="external\imgui\imstb_rectpack.h">
      <Filter>Header Files</Filter>
    </ClInclude>
    <ClInclude Include="external\imgui\imstb_textedit.h">
      <Filter>Header Files</Filter>
    </ClInclude>
    <ClInclude Include="external\imgui\imstb_truetype.h">
      <Filter>Header Files</Filter>
    </ClInclude>
    <ClInclude Include="external\imgui\backends\imgui_impl_glfw.h">
      <Filter>Header Files</Filter>
    </ClInclude>
    <ClInclude Include="external\imgui\backends\imgui_impl_vulkan.h">
      <Filter>Header Files</Filter>
    </ClInclude>
    <ClInclude Include="external\imgui\backends\imgui_impl_win32.h">
      <Filter>Header Files</Filter>
    </ClInclude>
    <ClInclude Include="src\engine\system\Input.h">
      <Filter>Header Files</Filter>
    </ClInclude>
    <ClInclude Include="external\imguizmo\GraphEditor.h">
      <Filter>Header Files</Filter>
    </ClInclude>
    <ClInclude Include="external\imguizmo\ImCurveEdit.h">
      <Filter>Header Files</Filter>
    </ClInclude>
    <ClInclude Include="external\imguizmo\ImGradient.h">
      <Filter>Header Files</Filter>
    </ClInclude>
    <ClInclude Include="external\imguizmo\ImGuizmo.h">
      <Filter>Header Files</Filter>
    </ClInclude>
    <ClInclude Include="external\imguizmo\ImSequencer.h">
      <Filter>Header Files</Filter>
    </ClInclude>
    <ClInclude Include="external\imguizmo\ImZoomSlider.h">
      <Filter>Header Files</Filter>
    </ClInclude>
    <ClInclude Include="external\stb\stb_image.h">
      <Filter>Header Files</Filter>
    </ClInclude>
    <ClInclude Include="src\engine\graphics\textures\TextureManager.h">
      <Filter>Header Files</Filter>
    </ClInclude>
    <ClInclude Include="src\engine\graphics\textures\Texture.h">
      <Filter>Header Files</Filter>
    </ClInclude>
    <ClInclude Include="src\engine\graphics\models\Model.h">
      <Filter>Header Files</Filter>
    </ClInclude>
    <ClInclude Include="src\engine\graphics\models\Primatives.h">
      <Filter>Header Files</Filter>
    </ClInclude>
    <ClInclude Include="src\engine\graphics\textures\Sampler.h">
      <Filter>Header Files</Filter>
    </ClInclude>
    <ClInclude Include="src\engine\graphics\render systems\SimpleRenderSystem.h">
      <Filter>Header Files</Filter>
    </ClInclude>
    <ClInclude Include="src\engine\graphics\render systems\BaseRenderSystem.h">
      <Filter>Header Files</Filter>
    </ClInclude>
    <ClInclude Include="src\engine\graphics\render systems\debug\GizmoManager.h">
      <Filter>Header Files</Filter>
    </ClInclude>
    <ClInclude Include="src\engine\graphics\render systems\debug\StaticLineRenderSystem.h">
      <Filter>Header Files</Filter>
    </ClInclude>
    <ClInclude Include="external\implot\implot.h">
      <Filter>Header Files</Filter>
    </ClInclude>
    <ClInclude Include="external\implot\implot_internal.h">
      <Filter>Header Files</Filter>
    </ClInclude>
    <ClInclude Include="src\engine\maths\Random.h">
      <Filter>Header Files</Filter>
    </ClInclude>
    <ClInclude Include="src\engine\graphics\render systems\debug\DynamicLineRenderSystem.h">
      <Filter>Header Files</Filter>
    </ClInclude>
  </ItemGroup>
  <ItemGroup>
    <CustomBuild Include="shaders\simple_shader\simple_shader.frag" />
    <CustomBuild Include="shaders\simple_shader\simple_shader.vert" />
    <CustomBuild Include="shaders\gizmo_shader\gizmo_shader.frag" />
    <CustomBuild Include="shaders\gizmo_shader\gizmo_shader.vert" />
  </ItemGroup>
</Project>